
Microsoft Visual Studio Solution File, Format Version 12.00
# Visual Studio Version 16
VisualStudioVersion = 16.0.31129.286
MinimumVisualStudioVersion = 10.0.40219.1
Project("{FAE04EC0-301F-11D3-BF4B-00C04F79EFBC}") = "mvc-homework-25.10.2022", "mvc-homework-25.10.2022.csproj", "{A571496E-CCFD-4C1A-9C7D-1B8C676A5BEA}"
EndProject
Global
	GlobalSection(SolutionConfigurationPlatforms) = preSolution
		Debug|Any CPU = Debug|Any CPU
		Release|Any CPU = Release|Any CPU
	EndGlobalSection
	GlobalSection(ProjectConfigurationPlatforms) = postSolution
		{A571496E-CCFD-4C1A-9C7D-1B8C676A5BEA}.Debug|Any CPU.ActiveCfg = Debug|Any CPU
		{A571496E-CCFD-4C1A-9C7D-1B8C676A5BEA}.Debug|Any CPU.Build.0 = Debug|Any CPU
		{A571496E-CCFD-4C1A-9C7D-1B8C676A5BEA}.Release|Any CPU.ActiveCfg = Release|Any CPU
		{A571496E-CCFD-4C1A-9C7D-1B8C676A5BEA}.Release|Any CPU.Build.0 = Release|Any CPU
	EndGlobalSection
	GlobalSection(SolutionProperties) = preSolution
		HideSolutionNode = FALSE
	EndGlobalSection
	GlobalSection(ExtensibilityGlobals) = postSolution
		SolutionGuid = {96418F6F-BD4A-4EA1-802B-E44316B17F6B}
	EndGlobalSection
EndGlobal
